
Microsoft Visual Studio Solution File, Format Version 12.00
# Visual Studio 15
VisualStudioVersion = 15.0.28307.757
MinimumVisualStudioVersion = 10.0.40219.1
Project("{FAE04EC0-301F-11D3-BF4B-00C04F79EFBC}") = "NDHShop.Common", "NDHShop.Common\NDHShop.Common.csproj", "{8E47A39C-605E-4CB5-9833-186C881D8118}"
EndProject
Project("{FAE04EC0-301F-11D3-BF4B-00C04F79EFBC}") = "NDHShop.Model", "NDHShop.Model\NDHShop.Model.csproj", "{1DE4FB76-827A-40B8-819C-ED90CA4EFEA2}"
EndProject
Project("{FAE04EC0-301F-11D3-BF4B-00C04F79EFBC}") = "NDHShop.Data", "NDHShop.Data\NDHShop.Data.csproj", "{EDB91C56-F8F9-409A-9E96-F716C5B6F68E}"
EndProject
Project("{FAE04EC0-301F-11D3-BF4B-00C04F79EFBC}") = "NDHShop.Service", "NDHShop.Service\NDHShop.Service.csproj", "{8E516969-E84D-4261-8C28-518763CF22DB}"
EndProject
Project("{FAE04EC0-301F-11D3-BF4B-00C04F79EFBC}") = "NDHShop.UnitTest", "NDHShop.UnitTest\NDHShop.UnitTest.csproj", "{8EC3E981-262C-4138-B475-6C84120CB238}"
EndProject
Project("{FAE04EC0-301F-11D3-BF4B-00C04F79EFBC}") = "NDHShop.Web", "NDHShop.Web\NDHShop.Web.csproj", "{0B25DE6D-A24E-46CA-ACD2-8BB311C21F0F}"
EndProject
Global
	GlobalSection(SolutionConfigurationPlatforms) = preSolution
		Debug|Any CPU = Debug|Any CPU
		Release|Any CPU = Release|Any CPU
	EndGlobalSection
	GlobalSection(ProjectConfigurationPlatforms) = postSolution
		{8E47A39C-605E-4CB5-9833-186C881D8118}.Debug|Any CPU.ActiveCfg = Debug|Any CPU
		{8E47A39C-605E-4CB5-9833-186C881D8118}.Debug|Any CPU.Build.0 = Debug|Any CPU
		{8E47A39C-605E-4CB5-9833-186C881D8118}.Release|Any CPU.ActiveCfg = Release|Any CPU
		{8E47A39C-605E-4CB5-9833-186C881D8118}.Release|Any CPU.Build.0 = Release|Any CPU
		{1DE4FB76-827A-40B8-819C-ED90CA4EFEA2}.Debug|Any CPU.ActiveCfg = Debug|Any CPU
		{1DE4FB76-827A-40B8-819C-ED90CA4EFEA2}.Debug|Any CPU.Build.0 = Debug|Any CPU
		{1DE4FB76-827A-40B8-819C-ED90CA4EFEA2}.Release|Any CPU.ActiveCfg = Release|Any CPU
		{1DE4FB76-827A-40B8-819C-ED90CA4EFEA2}.Release|Any CPU.Build.0 = Release|Any CPU
		{EDB91C56-F8F9-409A-9E96-F716C5B6F68E}.Debug|Any CPU.ActiveCfg = Debug|Any CPU
		{EDB91C56-F8F9-409A-9E96-F716C5B6F68E}.Debug|Any CPU.Build.0 = Debug|Any CPU
		{EDB91C56-F8F9-409A-9E96-F716C5B6F68E}.Release|Any CPU.ActiveCfg = Release|Any CPU
		{EDB91C56-F8F9-409A-9E96-F716C5B6F68E}.Release|Any CPU.Build.0 = Release|Any CPU
		{8E516969-E84D-4261-8C28-518763CF22DB}.Debug|Any CPU.ActiveCfg = Debug|Any CPU
		{8E516969-E84D-4261-8C28-518763CF22DB}.Debug|Any CPU.Build.0 = Debug|Any CPU
		{8E516969-E84D-4261-8C28-518763CF22DB}.Release|Any CPU.ActiveCfg = Release|Any CPU
		{8E516969-E84D-4261-8C28-518763CF22DB}.Release|Any CPU.Build.0 = Release|Any CPU
		{8EC3E981-262C-4138-B475-6C84120CB238}.Debug|Any CPU.ActiveCfg = Debug|Any CPU
		{8EC3E981-262C-4138-B475-6C84120CB238}.Debug|Any CPU.Build.0 = Debug|Any CPU
		{8EC3E981-262C-4138-B475-6C84120CB238}.Release|Any CPU.ActiveCfg = Release|Any CPU
		{8EC3E981-262C-4138-B475-6C84120CB238}.Release|Any CPU.Build.0 = Release|Any CPU
		{0B25DE6D-A24E-46CA-ACD2-8BB311C21F0F}.Debug|Any CPU.ActiveCfg = Debug|Any CPU
		{0B25DE6D-A24E-46CA-ACD2-8BB311C21F0F}.Debug|Any CPU.Build.0 = Debug|Any CPU
		{0B25DE6D-A24E-46CA-ACD2-8BB311C21F0F}.Release|Any CPU.ActiveCfg = Release|Any CPU
		{0B25DE6D-A24E-46CA-ACD2-8BB311C21F0F}.Release|Any CPU.Build.0 = Release|Any CPU
	EndGlobalSection
	GlobalSection(SolutionProperties) = preSolution
		HideSolutionNode = FALSE
	EndGlobalSection
	GlobalSection(ExtensibilityGlobals) = postSolution
		SolutionGuid = {60305D83-7FC0-40EA-8C07-7029E0780422}
	EndGlobalSection
EndGlobal
